// !$*UTF8*$!
{
	archiveVersion = 1;
	classes = {
	};
	objectVersion = 56;
	objects = {

/* Begin PBXBuildFile section */
		044F4D3C2DAC0DB3003C9F7D /* ImagesListService.swift in Sources */ = {isa = PBXBuildFile; fileRef = 044F4D3B2DAC0DB3003C9F7D /* ImagesListService.swift */; };
		044F4D3E2DAC15F5003C9F7D /* ImagesListServiceError.swift in Sources */ = {isa = PBXBuildFile; fileRef = 044F4D3D2DAC15F5003C9F7D /* ImagesListServiceError.swift */; };
		044F4D402DAC312C003C9F7D /* PhotoViewModel.swift in Sources */ = {isa = PBXBuildFile; fileRef = 044F4D3F2DAC312C003C9F7D /* PhotoViewModel.swift */; };
		044F4D422DAC317F003C9F7D /* PhotoDTO.swift in Sources */ = {isa = PBXBuildFile; fileRef = 044F4D412DAC317F003C9F7D /* PhotoDTO.swift */; };
		044F4D462DAC4513003C9F7D /* String+Extensions.swift in Sources */ = {isa = PBXBuildFile; fileRef = 044F4D452DAC4513003C9F7D /* String+Extensions.swift */; };
		045D1F792DB0125B001B596C /* AuthHelper.swift in Sources */ = {isa = PBXBuildFile; fileRef = 045D1F782DB0125B001B596C /* AuthHelper.swift */; };
		045D1F812DB015FE001B596C /* WebViewTests.swift in Sources */ = {isa = PBXBuildFile; fileRef = 045D1F802DB015FE001B596C /* WebViewTests.swift */; };
		045D1F892DB01706001B596C /* WebViewPresenterSpy.swift in Sources */ = {isa = PBXBuildFile; fileRef = 045D1F882DB01706001B596C /* WebViewPresenterSpy.swift */; };
		045D1F8B2DB01822001B596C /* WebViewViewControllerSpy.swift in Sources */ = {isa = PBXBuildFile; fileRef = 045D1F8A2DB01821001B596C /* WebViewViewControllerSpy.swift */; };
		045D1F8D2DB02518001B596C /* ProfilePresenter.swift in Sources */ = {isa = PBXBuildFile; fileRef = 045D1F8C2DB02518001B596C /* ProfilePresenter.swift */; };
		045D1F902DB03488001B596C /* ProfileViewTests.swift in Sources */ = {isa = PBXBuildFile; fileRef = 045D1F8F2DB03488001B596C /* ProfileViewTests.swift */; };
		045D1F942DB0357C001B596C /* ProfileViewControllerSpy.swift in Sources */ = {isa = PBXBuildFile; fileRef = 045D1F932DB0357C001B596C /* ProfileViewControllerSpy.swift */; };
		045D1F962DB0378B001B596C /* ProfilePresenterSpy.swift in Sources */ = {isa = PBXBuildFile; fileRef = 045D1F952DB0378B001B596C /* ProfilePresenterSpy.swift */; };
		045DE4342DAEEC7700E97203 /* WebViewPresenter.swift in Sources */ = {isa = PBXBuildFile; fileRef = 045DE4332DAEEC7700E97203 /* WebViewPresenter.swift */; };
		0462C0602DAD89F2004858D5 /* Date+Extensions.swift in Sources */ = {isa = PBXBuildFile; fileRef = 0462C05F2DAD89F2004858D5 /* Date+Extensions.swift */; };
		0463BCC02DB0A5F80000587D /* ImagesListPresenter.swift in Sources */ = {isa = PBXBuildFile; fileRef = 0463BCBF2DB0A5F80000587D /* ImagesListPresenter.swift */; };
		0463BCC22DB0BB8B0000587D /* ImagesListViewTests.swift in Sources */ = {isa = PBXBuildFile; fileRef = 0463BCC12DB0BB8B0000587D /* ImagesListViewTests.swift */; };
		0463BCC62DB0BC030000587D /* ImagesListPresenterSpy.swift in Sources */ = {isa = PBXBuildFile; fileRef = 0463BCC52DB0BC030000587D /* ImagesListPresenterSpy.swift */; };
		0463BCC82DB0BC7D0000587D /* ImagesListViewControllerSpy.swift in Sources */ = {isa = PBXBuildFile; fileRef = 0463BCC72DB0BC7D0000587D /* ImagesListViewControllerSpy.swift */; };
		046F24022D80B29E007D2F29 /* ProfileViewController.swift in Sources */ = {isa = PBXBuildFile; fileRef = 046F24012D80B29E007D2F29 /* ProfileViewController.swift */; };
		04741B1E2DA3D4FA00588D80 /* AuthViewController.swift in Sources */ = {isa = PBXBuildFile; fileRef = 04741B1D2DA3D4FA00588D80 /* AuthViewController.swift */; };
		04741B202DA3DC9000588D80 /* WebViewViewController.swift in Sources */ = {isa = PBXBuildFile; fileRef = 04741B1F2DA3DC9000588D80 /* WebViewViewController.swift */; };
		04741B222DA3EDC100588D80 /* AuthConfiguration.swift in Sources */ = {isa = PBXBuildFile; fileRef = 04741B212DA3EDC100588D80 /* AuthConfiguration.swift */; };
		04741B242DA435E900588D80 /* OAuth2Service.swift in Sources */ = {isa = PBXBuildFile; fileRef = 04741B232DA435E900588D80 /* OAuth2Service.swift */; };
		04741B272DA4402F00588D80 /* URLSession+Data.swift in Sources */ = {isa = PBXBuildFile; fileRef = 04741B262DA4402F00588D80 /* URLSession+Data.swift */; };
		04741B2A2DA53A4E00588D80 /* OAuthTokenDTO.swift in Sources */ = {isa = PBXBuildFile; fileRef = 04741B292DA53A4E00588D80 /* OAuthTokenDTO.swift */; };
		04741B2E2DA543D800588D80 /* OAuth2TokenStorage.swift in Sources */ = {isa = PBXBuildFile; fileRef = 04741B2D2DA543D800588D80 /* OAuth2TokenStorage.swift */; };
		04741B302DA5519300588D80 /* NetworkError.swift in Sources */ = {isa = PBXBuildFile; fileRef = 04741B2F2DA5519300588D80 /* NetworkError.swift */; };
		04741B332DA5757F00588D80 /* SplashViewController.swift in Sources */ = {isa = PBXBuildFile; fileRef = 04741B322DA5757F00588D80 /* SplashViewController.swift */; };
		047AC7262DA7F920009B19C4 /* OAuth2ServiceError.swift in Sources */ = {isa = PBXBuildFile; fileRef = 047AC7252DA7F920009B19C4 /* OAuth2ServiceError.swift */; };
		047AC7282DA82679009B19C4 /* UIBlockingProgressHUD.swift in Sources */ = {isa = PBXBuildFile; fileRef = 047AC7272DA82679009B19C4 /* UIBlockingProgressHUD.swift */; };
		047AC72A2DA83704009B19C4 /* ProfileService.swift in Sources */ = {isa = PBXBuildFile; fileRef = 047AC7292DA83704009B19C4 /* ProfileService.swift */; };
		047AC72C2DA83748009B19C4 /* ProfileDTO.swift in Sources */ = {isa = PBXBuildFile; fileRef = 047AC72B2DA83748009B19C4 /* ProfileDTO.swift */; };
		047AC72E2DA838B1009B19C4 /* SnakeCaseJSONDecoder.swift in Sources */ = {isa = PBXBuildFile; fileRef = 047AC72D2DA838B1009B19C4 /* SnakeCaseJSONDecoder.swift */; };
		047AC7312DA83ABC009B19C4 /* ProfileViewModel.swift in Sources */ = {isa = PBXBuildFile; fileRef = 047AC7302DA83ABC009B19C4 /* ProfileViewModel.swift */; };
		047AC7362DA848B3009B19C4 /* ProfileServiceError.swift in Sources */ = {isa = PBXBuildFile; fileRef = 047AC7352DA848B3009B19C4 /* ProfileServiceError.swift */; };
		047AC7382DA85B61009B19C4 /* ProfileImageService.swift in Sources */ = {isa = PBXBuildFile; fileRef = 047AC7372DA85B61009B19C4 /* ProfileImageService.swift */; };
		047AC73C2DA85C0C009B19C4 /* UserDTO.swift in Sources */ = {isa = PBXBuildFile; fileRef = 047AC73B2DA85C0C009B19C4 /* UserDTO.swift */; };
		048A7F6E2D8354D500E5B157 /* SingleImageViewController.swift in Sources */ = {isa = PBXBuildFile; fileRef = 048A7F6D2D8354D500E5B157 /* SingleImageViewController.swift */; };
		048C4E7C2DAE356A00A68CCC /* ProfileLogoutService.swift in Sources */ = {isa = PBXBuildFile; fileRef = 048C4E7B2DAE356A00A68CCC /* ProfileLogoutService.swift */; };
		04964F222D590E6300E61033 /* ImagesListCell.swift in Sources */ = {isa = PBXBuildFile; fileRef = 04964F212D590E6300E61033 /* ImagesListCell.swift */; };
		04B4F4872D92CD99003D2339 /* UIColor+Extensions.swift in Sources */ = {isa = PBXBuildFile; fileRef = 04B4F4862D92CD99003D2339 /* UIColor+Extensions.swift */; };
		04B4F4892D92D3C5003D2339 /* Assets.xcassets in Resources */ = {isa = PBXBuildFile; fileRef = 04BA66702D5514D6006F9DC5 /* Assets.xcassets */; };
		04BA66682D5514D5006F9DC5 /* AppDelegate.swift in Sources */ = {isa = PBXBuildFile; fileRef = 04BA66672D5514D5006F9DC5 /* AppDelegate.swift */; };
		04BA666A2D5514D5006F9DC5 /* SceneDelegate.swift in Sources */ = {isa = PBXBuildFile; fileRef = 04BA66692D5514D5006F9DC5 /* SceneDelegate.swift */; };
		04BA666C2D5514D5006F9DC5 /* ImagesListViewController.swift in Sources */ = {isa = PBXBuildFile; fileRef = 04BA666B2D5514D5006F9DC5 /* ImagesListViewController.swift */; };
		04BA666F2D5514D5006F9DC5 /* Base in Resources */ = {isa = PBXBuildFile; fileRef = 04BA666E2D5514D5006F9DC5 /* Base */; };
		04BA66742D5514D6006F9DC5 /* Base in Resources */ = {isa = PBXBuildFile; fileRef = 04BA66732D5514D6006F9DC5 /* Base */; };
		04C7B2262DA9562C008220D1 /* Kingfisher in Frameworks */ = {isa = PBXBuildFile; productRef = 04C7B2252DA9562C008220D1 /* Kingfisher */; };
		04C7B2292DA9774B008220D1 /* SwiftKeychainWrapper in Frameworks */ = {isa = PBXBuildFile; productRef = 04C7B2282DA9774B008220D1 /* SwiftKeychainWrapper */; };
		04C7B22C2DA983D2008220D1 /* TabBarController.swift in Sources */ = {isa = PBXBuildFile; fileRef = 04C7B22B2DA983D2008220D1 /* TabBarController.swift */; };
		04DA5C162DA6E00A00D8205E /* ProgressHUD in Frameworks */ = {isa = PBXBuildFile; productRef = 04DA5C152DA6E00A00D8205E /* ProgressHUD */; };
/* End PBXBuildFile section */

/* Begin PBXContainerItemProxy section */
		045D1F822DB015FE001B596C /* PBXContainerItemProxy */ = {
			isa = PBXContainerItemProxy;
			containerPortal = 04BA665C2D5514D5006F9DC5 /* Project object */;
			proxyType = 1;
			remoteGlobalIDString = 04BA66632D5514D5006F9DC5;
			remoteInfo = ImageFeed;
		};
/* End PBXContainerItemProxy section */

/* Begin PBXFileReference section */
		044F4D3B2DAC0DB3003C9F7D /* ImagesListService.swift */ = {isa = PBXFileReference; lastKnownFileType = sourcecode.swift; path = ImagesListService.swift; sourceTree = "<group>"; };
		044F4D3D2DAC15F5003C9F7D /* ImagesListServiceError.swift */ = {isa = PBXFileReference; lastKnownFileType = sourcecode.swift; path = ImagesListServiceError.swift; sourceTree = "<group>"; };
		044F4D3F2DAC312C003C9F7D /* PhotoViewModel.swift */ = {isa = PBXFileReference; lastKnownFileType = sourcecode.swift; path = PhotoViewModel.swift; sourceTree = "<group>"; };
		044F4D412DAC317F003C9F7D /* PhotoDTO.swift */ = {isa = PBXFileReference; lastKnownFileType = sourcecode.swift; path = PhotoDTO.swift; sourceTree = "<group>"; };
		044F4D452DAC4513003C9F7D /* String+Extensions.swift */ = {isa = PBXFileReference; lastKnownFileType = sourcecode.swift; path = "String+Extensions.swift"; sourceTree = "<group>"; };
		045D1F782DB0125B001B596C /* AuthHelper.swift */ = {isa = PBXFileReference; lastKnownFileType = sourcecode.swift; path = AuthHelper.swift; sourceTree = "<group>"; };
		045D1F7E2DB015FE001B596C /* ImageFeedTests.xctest */ = {isa = PBXFileReference; explicitFileType = wrapper.cfbundle; includeInIndex = 0; path = ImageFeedTests.xctest; sourceTree = BUILT_PRODUCTS_DIR; };
		045D1F802DB015FE001B596C /* WebViewTests.swift */ = {isa = PBXFileReference; lastKnownFileType = sourcecode.swift; path = WebViewTests.swift; sourceTree = "<group>"; };
		045D1F882DB01706001B596C /* WebViewPresenterSpy.swift */ = {isa = PBXFileReference; lastKnownFileType = sourcecode.swift; path = WebViewPresenterSpy.swift; sourceTree = "<group>"; };
		045D1F8A2DB01821001B596C /* WebViewViewControllerSpy.swift */ = {isa = PBXFileReference; lastKnownFileType = sourcecode.swift; path = WebViewViewControllerSpy.swift; sourceTree = "<group>"; };
		045D1F8C2DB02518001B596C /* ProfilePresenter.swift */ = {isa = PBXFileReference; lastKnownFileType = sourcecode.swift; path = ProfilePresenter.swift; sourceTree = "<group>"; };
		045D1F8F2DB03488001B596C /* ProfileViewTests.swift */ = {isa = PBXFileReference; lastKnownFileType = sourcecode.swift; path = ProfileViewTests.swift; sourceTree = "<group>"; };
		045D1F932DB0357C001B596C /* ProfileViewControllerSpy.swift */ = {isa = PBXFileReference; lastKnownFileType = sourcecode.swift; path = ProfileViewControllerSpy.swift; sourceTree = "<group>"; };
		045D1F952DB0378B001B596C /* ProfilePresenterSpy.swift */ = {isa = PBXFileReference; lastKnownFileType = sourcecode.swift; path = ProfilePresenterSpy.swift; sourceTree = "<group>"; };
		045DE4332DAEEC7700E97203 /* WebViewPresenter.swift */ = {isa = PBXFileReference; lastKnownFileType = sourcecode.swift; path = WebViewPresenter.swift; sourceTree = "<group>"; };
		0462C05F2DAD89F2004858D5 /* Date+Extensions.swift */ = {isa = PBXFileReference; lastKnownFileType = sourcecode.swift; path = "Date+Extensions.swift"; sourceTree = "<group>"; };
		0463BCBF2DB0A5F80000587D /* ImagesListPresenter.swift */ = {isa = PBXFileReference; lastKnownFileType = sourcecode.swift; path = ImagesListPresenter.swift; sourceTree = "<group>"; };
		0463BCC12DB0BB8B0000587D /* ImagesListViewTests.swift */ = {isa = PBXFileReference; lastKnownFileType = sourcecode.swift; path = ImagesListViewTests.swift; sourceTree = "<group>"; };
		0463BCC52DB0BC030000587D /* ImagesListPresenterSpy.swift */ = {isa = PBXFileReference; lastKnownFileType = sourcecode.swift; path = ImagesListPresenterSpy.swift; sourceTree = "<group>"; };
		0463BCC72DB0BC7D0000587D /* ImagesListViewControllerSpy.swift */ = {isa = PBXFileReference; lastKnownFileType = sourcecode.swift; path = ImagesListViewControllerSpy.swift; sourceTree = "<group>"; };
		046F24012D80B29E007D2F29 /* ProfileViewController.swift */ = {isa = PBXFileReference; lastKnownFileType = sourcecode.swift; path = ProfileViewController.swift; sourceTree = "<group>"; };
		04741B1D2DA3D4FA00588D80 /* AuthViewController.swift */ = {isa = PBXFileReference; lastKnownFileType = sourcecode.swift; path = AuthViewController.swift; sourceTree = "<group>"; };
		04741B1F2DA3DC9000588D80 /* WebViewViewController.swift */ = {isa = PBXFileReference; lastKnownFileType = sourcecode.swift; path = WebViewViewController.swift; sourceTree = "<group>"; };
		04741B212DA3EDC100588D80 /* AuthConfiguration.swift */ = {isa = PBXFileReference; lastKnownFileType = sourcecode.swift; path = AuthConfiguration.swift; sourceTree = "<group>"; };
		04741B232DA435E900588D80 /* OAuth2Service.swift */ = {isa = PBXFileReference; lastKnownFileType = sourcecode.swift; path = OAuth2Service.swift; sourceTree = "<group>"; };
		04741B262DA4402F00588D80 /* URLSession+Data.swift */ = {isa = PBXFileReference; lastKnownFileType = sourcecode.swift; path = "URLSession+Data.swift"; sourceTree = "<group>"; };
		04741B292DA53A4E00588D80 /* OAuthTokenDTO.swift */ = {isa = PBXFileReference; lastKnownFileType = sourcecode.swift; path = OAuthTokenDTO.swift; sourceTree = "<group>"; };
		04741B2D2DA543D800588D80 /* OAuth2TokenStorage.swift */ = {isa = PBXFileReference; lastKnownFileType = sourcecode.swift; path = OAuth2TokenStorage.swift; sourceTree = "<group>"; };
		04741B2F2DA5519300588D80 /* NetworkError.swift */ = {isa = PBXFileReference; lastKnownFileType = sourcecode.swift; path = NetworkError.swift; sourceTree = "<group>"; };
		04741B322DA5757F00588D80 /* SplashViewController.swift */ = {isa = PBXFileReference; lastKnownFileType = sourcecode.swift; path = SplashViewController.swift; sourceTree = "<group>"; };
		047AC7252DA7F920009B19C4 /* OAuth2ServiceError.swift */ = {isa = PBXFileReference; lastKnownFileType = sourcecode.swift; path = OAuth2ServiceError.swift; sourceTree = "<group>"; };
		047AC7272DA82679009B19C4 /* UIBlockingProgressHUD.swift */ = {isa = PBXFileReference; lastKnownFileType = sourcecode.swift; path = UIBlockingProgressHUD.swift; sourceTree = "<group>"; };
		047AC7292DA83704009B19C4 /* ProfileService.swift */ = {isa = PBXFileReference; lastKnownFileType = sourcecode.swift; path = ProfileService.swift; sourceTree = "<group>"; };
		047AC72B2DA83748009B19C4 /* ProfileDTO.swift */ = {isa = PBXFileReference; lastKnownFileType = sourcecode.swift; path = ProfileDTO.swift; sourceTree = "<group>"; };
		047AC72D2DA838B1009B19C4 /* SnakeCaseJSONDecoder.swift */ = {isa = PBXFileReference; lastKnownFileType = sourcecode.swift; path = SnakeCaseJSONDecoder.swift; sourceTree = "<group>"; };
		047AC7302DA83ABC009B19C4 /* ProfileViewModel.swift */ = {isa = PBXFileReference; lastKnownFileType = sourcecode.swift; path = ProfileViewModel.swift; sourceTree = "<group>"; };
		047AC7352DA848B3009B19C4 /* ProfileServiceError.swift */ = {isa = PBXFileReference; lastKnownFileType = sourcecode.swift; path = ProfileServiceError.swift; sourceTree = "<group>"; };
		047AC7372DA85B61009B19C4 /* ProfileImageService.swift */ = {isa = PBXFileReference; lastKnownFileType = sourcecode.swift; path = ProfileImageService.swift; sourceTree = "<group>"; };
		047AC73B2DA85C0C009B19C4 /* UserDTO.swift */ = {isa = PBXFileReference; lastKnownFileType = sourcecode.swift; path = UserDTO.swift; sourceTree = "<group>"; };
		048A7F6D2D8354D500E5B157 /* SingleImageViewController.swift */ = {isa = PBXFileReference; lastKnownFileType = sourcecode.swift; path = SingleImageViewController.swift; sourceTree = "<group>"; };
		048C4E7B2DAE356A00A68CCC /* ProfileLogoutService.swift */ = {isa = PBXFileReference; lastKnownFileType = sourcecode.swift; path = ProfileLogoutService.swift; sourceTree = "<group>"; };
		04964F212D590E6300E61033 /* ImagesListCell.swift */ = {isa = PBXFileReference; lastKnownFileType = sourcecode.swift; path = ImagesListCell.swift; sourceTree = "<group>"; };
		04B4F4862D92CD99003D2339 /* UIColor+Extensions.swift */ = {isa = PBXFileReference; lastKnownFileType = sourcecode.swift; path = "UIColor+Extensions.swift"; sourceTree = "<group>"; };
		04BA66642D5514D5006F9DC5 /* ImageFeed.app */ = {isa = PBXFileReference; explicitFileType = wrapper.application; includeInIndex = 0; path = ImageFeed.app; sourceTree = BUILT_PRODUCTS_DIR; };
		04BA66672D5514D5006F9DC5 /* AppDelegate.swift */ = {isa = PBXFileReference; lastKnownFileType = sourcecode.swift; path = AppDelegate.swift; sourceTree = "<group>"; };
		04BA66692D5514D5006F9DC5 /* SceneDelegate.swift */ = {isa = PBXFileReference; lastKnownFileType = sourcecode.swift; path = SceneDelegate.swift; sourceTree = "<group>"; };
		04BA666B2D5514D5006F9DC5 /* ImagesListViewController.swift */ = {isa = PBXFileReference; lastKnownFileType = sourcecode.swift; path = ImagesListViewController.swift; sourceTree = "<group>"; };
		04BA666E2D5514D5006F9DC5 /* Base */ = {isa = PBXFileReference; lastKnownFileType = file.storyboard; name = Base; path = Base.lproj/Main.storyboard; sourceTree = "<group>"; };
		04BA66702D5514D6006F9DC5 /* Assets.xcassets */ = {isa = PBXFileReference; lastKnownFileType = folder.assetcatalog; path = Assets.xcassets; sourceTree = "<group>"; };
		04BA66732D5514D6006F9DC5 /* Base */ = {isa = PBXFileReference; lastKnownFileType = file.storyboard; name = Base; path = Base.lproj/LaunchScreen.storyboard; sourceTree = "<group>"; };
		04BA66752D5514D6006F9DC5 /* Info.plist */ = {isa = PBXFileReference; lastKnownFileType = text.plist.xml; path = Info.plist; sourceTree = "<group>"; };
		04C7B22B2DA983D2008220D1 /* TabBarController.swift */ = {isa = PBXFileReference; lastKnownFileType = sourcecode.swift; path = TabBarController.swift; sourceTree = "<group>"; };
/* End PBXFileReference section */

/* Begin PBXFrameworksBuildPhase section */
		045D1F7B2DB015FE001B596C /* Frameworks */ = {
			isa = PBXFrameworksBuildPhase;
			buildActionMask = 2147483647;
			files = (
			);
			runOnlyForDeploymentPostprocessing = 0;
		};
		04BA66612D5514D5006F9DC5 /* Frameworks */ = {
			isa = PBXFrameworksBuildPhase;
			buildActionMask = 2147483647;
			files = (
				04C7B2262DA9562C008220D1 /* Kingfisher in Frameworks */,
				04DA5C162DA6E00A00D8205E /* ProgressHUD in Frameworks */,
				04C7B2292DA9774B008220D1 /* SwiftKeychainWrapper in Frameworks */,
			);
			runOnlyForDeploymentPostprocessing = 0;
		};
/* End PBXFrameworksBuildPhase section */

/* Begin PBXGroup section */
		044F4D3A2DAC0D9E003C9F7D /* ImageList */ = {
			isa = PBXGroup;
			children = (
				044F4D3B2DAC0DB3003C9F7D /* ImagesListService.swift */,
			);
			path = ImageList;
			sourceTree = "<group>";
		};
		045D1F7F2DB015FE001B596C /* ImageFeedTests */ = {
			isa = PBXGroup;
			children = (
				0463BCC32DB0BB900000587D /* ImagesListViewTests */,
				045D1F8E2DB03454001B596C /* ProfileViewTests */,
				045D1F872DB016EF001B596C /* WebViewTests */,
			);
			path = ImageFeedTests;
			sourceTree = "<group>";
		};
		045D1F872DB016EF001B596C /* WebViewTests */ = {
			isa = PBXGroup;
			children = (
				045D1F802DB015FE001B596C /* WebViewTests.swift */,
				045D1F912DB034C2001B596C /* HelperDoubles */,
			);
			path = WebViewTests;
			sourceTree = "<group>";
		};
		045D1F8E2DB03454001B596C /* ProfileViewTests */ = {
			isa = PBXGroup;
			children = (
				045D1F8F2DB03488001B596C /* ProfileViewTests.swift */,
				045D1F922DB034E7001B596C /* HelperDoubles */,
			);
			path = ProfileViewTests;
			sourceTree = "<group>";
		};
		045D1F912DB034C2001B596C /* HelperDoubles */ = {
			isa = PBXGroup;
			children = (
				045D1F882DB01706001B596C /* WebViewPresenterSpy.swift */,
				045D1F8A2DB01821001B596C /* WebViewViewControllerSpy.swift */,
			);
			path = HelperDoubles;
			sourceTree = "<group>";
		};
		045D1F922DB034E7001B596C /* HelperDoubles */ = {
			isa = PBXGroup;
			children = (
				045D1F932DB0357C001B596C /* ProfileViewControllerSpy.swift */,
				045D1F952DB0378B001B596C /* ProfilePresenterSpy.swift */,
			);
			path = HelperDoubles;
			sourceTree = "<group>";
		};
		045DE4322DAEEC3400E97203 /* WebView */ = {
			isa = PBXGroup;
			children = (
				04741B1F2DA3DC9000588D80 /* WebViewViewController.swift */,
				045DE4332DAEEC7700E97203 /* WebViewPresenter.swift */,
			);
			path = WebView;
			sourceTree = "<group>";
		};
		0463BCC32DB0BB900000587D /* ImagesListViewTests */ = {
			isa = PBXGroup;
			children = (
				0463BCC12DB0BB8B0000587D /* ImagesListViewTests.swift */,
				0463BCC42DB0BBD60000587D /* HelperDoubles */,
			);
			path = ImagesListViewTests;
			sourceTree = "<group>";
		};
		0463BCC42DB0BBD60000587D /* HelperDoubles */ = {
			isa = PBXGroup;
			children = (
				0463BCC52DB0BC030000587D /* ImagesListPresenterSpy.swift */,
				0463BCC72DB0BC7D0000587D /* ImagesListViewControllerSpy.swift */,
			);
			path = HelperDoubles;
			sourceTree = "<group>";
		};
		046F24002D80B278007D2F29 /* Profile */ = {
			isa = PBXGroup;
			children = (
				046F24012D80B29E007D2F29 /* ProfileViewController.swift */,
				045D1F8C2DB02518001B596C /* ProfilePresenter.swift */,
			);
			path = Profile;
			sourceTree = "<group>";
		};
		04741B1C2DA3D4B000588D80 /* Auth */ = {
			isa = PBXGroup;
			children = (
				04741B1D2DA3D4FA00588D80 /* AuthViewController.swift */,
			);
			path = Auth;
			sourceTree = "<group>";
		};
		04741B252DA435EF00588D80 /* Services */ = {
			isa = PBXGroup;
			children = (
				044F4D3A2DAC0D9E003C9F7D /* ImageList */,
				047AC73A2DA85B7A009B19C4 /* Profile */,
				047AC7392DA85B68009B19C4 /* OAuth2 */,
			);
			path = Services;
			sourceTree = "<group>";
		};
		04741B282DA53A3F00588D80 /* Models */ = {
			isa = PBXGroup;
			children = (
				047AC7342DA845E8009B19C4 /* ViewModels */,
				047AC7332DA84572009B19C4 /* DTO */,
				047AC7322DA84519009B19C4 /* Errors */,
			);
			path = Models;
			sourceTree = "<group>";
		};
		04741B2B2DA540C100588D80 /* ViewControllers */ = {
			isa = PBXGroup;
			children = (
				04C7B22A2DA983BB008220D1 /* TabBarController */,
				04741B312DA5757400588D80 /* Splash */,
				04741B1C2DA3D4B000588D80 /* Auth */,
				045DE4322DAEEC3400E97203 /* WebView */,
				04964F232D590E7600E61033 /* ImagesList */,
				046F24002D80B278007D2F29 /* Profile */,
				048A7F6B2D83545F00E5B157 /* SingleImage */,
			);
			path = ViewControllers;
			sourceTree = "<group>";
		};
		04741B2C2DA5415000588D80 /* Resources */ = {
			isa = PBXGroup;
			children = (
				04BA66702D5514D6006F9DC5 /* Assets.xcassets */,
				04BA66722D5514D6006F9DC5 /* LaunchScreen.storyboard */,
				04BA66752D5514D6006F9DC5 /* Info.plist */,
			);
			path = Resources;
			sourceTree = "<group>";
		};
		04741B312DA5757400588D80 /* Splash */ = {
			isa = PBXGroup;
			children = (
				04741B322DA5757F00588D80 /* SplashViewController.swift */,
			);
			path = Splash;
			sourceTree = "<group>";
		};
		047AC7322DA84519009B19C4 /* Errors */ = {
			isa = PBXGroup;
			children = (
				047AC7252DA7F920009B19C4 /* OAuth2ServiceError.swift */,
				04741B2F2DA5519300588D80 /* NetworkError.swift */,
				047AC7352DA848B3009B19C4 /* ProfileServiceError.swift */,
				044F4D3D2DAC15F5003C9F7D /* ImagesListServiceError.swift */,
			);
			path = Errors;
			sourceTree = "<group>";
		};
		047AC7332DA84572009B19C4 /* DTO */ = {
			isa = PBXGroup;
			children = (
				04741B292DA53A4E00588D80 /* OAuthTokenDTO.swift */,
				047AC72B2DA83748009B19C4 /* ProfileDTO.swift */,
				047AC73B2DA85C0C009B19C4 /* UserDTO.swift */,
				044F4D412DAC317F003C9F7D /* PhotoDTO.swift */,
			);
			path = DTO;
			sourceTree = "<group>";
		};
		047AC7342DA845E8009B19C4 /* ViewModels */ = {
			isa = PBXGroup;
			children = (
				047AC7302DA83ABC009B19C4 /* ProfileViewModel.swift */,
				044F4D3F2DAC312C003C9F7D /* PhotoViewModel.swift */,
			);
			path = ViewModels;
			sourceTree = "<group>";
		};
		047AC7392DA85B68009B19C4 /* OAuth2 */ = {
			isa = PBXGroup;
			children = (
				04741B2D2DA543D800588D80 /* OAuth2TokenStorage.swift */,
				04741B232DA435E900588D80 /* OAuth2Service.swift */,
			);
			path = OAuth2;
			sourceTree = "<group>";
		};
		047AC73A2DA85B7A009B19C4 /* Profile */ = {
			isa = PBXGroup;
			children = (
				047AC7372DA85B61009B19C4 /* ProfileImageService.swift */,
				047AC7292DA83704009B19C4 /* ProfileService.swift */,
				048C4E7B2DAE356A00A68CCC /* ProfileLogoutService.swift */,
			);
			path = Profile;
			sourceTree = "<group>";
		};
		048A7F6B2D83545F00E5B157 /* SingleImage */ = {
			isa = PBXGroup;
			children = (
				048A7F6D2D8354D500E5B157 /* SingleImageViewController.swift */,
			);
			path = SingleImage;
			sourceTree = "<group>";
		};
		04964F232D590E7600E61033 /* ImagesList */ = {
			isa = PBXGroup;
			children = (
				04964F212D590E6300E61033 /* ImagesListCell.swift */,
				04BA666B2D5514D5006F9DC5 /* ImagesListViewController.swift */,
				0463BCBF2DB0A5F80000587D /* ImagesListPresenter.swift */,
			);
			path = ImagesList;
			sourceTree = "<group>";
		};
		04B4F4852D92CD84003D2339 /* Helpers */ = {
			isa = PBXGroup;
			children = (
				04741B212DA3EDC100588D80 /* AuthConfiguration.swift */,
				04B4F4862D92CD99003D2339 /* UIColor+Extensions.swift */,
				04741B262DA4402F00588D80 /* URLSession+Data.swift */,
				047AC7272DA82679009B19C4 /* UIBlockingProgressHUD.swift */,
				047AC72D2DA838B1009B19C4 /* SnakeCaseJSONDecoder.swift */,
				044F4D452DAC4513003C9F7D /* String+Extensions.swift */,
				0462C05F2DAD89F2004858D5 /* Date+Extensions.swift */,
				045D1F782DB0125B001B596C /* AuthHelper.swift */,
			);
			path = Helpers;
			sourceTree = "<group>";
		};
		04BA665B2D5514D5006F9DC5 = {
			isa = PBXGroup;
			children = (
				04BA66662D5514D5006F9DC5 /* ImageFeed */,
				045D1F7F2DB015FE001B596C /* ImageFeedTests */,
				04BA66652D5514D5006F9DC5 /* Products */,
			);
			sourceTree = "<group>";
		};
		04BA66652D5514D5006F9DC5 /* Products */ = {
			isa = PBXGroup;
			children = (
				04BA66642D5514D5006F9DC5 /* ImageFeed.app */,
				045D1F7E2DB015FE001B596C /* ImageFeedTests.xctest */,
			);
			name = Products;
			sourceTree = "<group>";
		};
		04BA66662D5514D5006F9DC5 /* ImageFeed */ = {
			isa = PBXGroup;
			children = (
				04BA66672D5514D5006F9DC5 /* AppDelegate.swift */,
				04BA66692D5514D5006F9DC5 /* SceneDelegate.swift */,
				04BA666D2D5514D5006F9DC5 /* Main.storyboard */,
				04741B2B2DA540C100588D80 /* ViewControllers */,
				04741B282DA53A3F00588D80 /* Models */,
				04741B252DA435EF00588D80 /* Services */,
				04B4F4852D92CD84003D2339 /* Helpers */,
				04741B2C2DA5415000588D80 /* Resources */,
			);
			path = ImageFeed;
			sourceTree = "<group>";
		};
		04C7B22A2DA983BB008220D1 /* TabBarController */ = {
			isa = PBXGroup;
			children = (
				04C7B22B2DA983D2008220D1 /* TabBarController.swift */,
			);
			path = TabBarController;
			sourceTree = "<group>";
		};
/* End PBXGroup section */

/* Begin PBXNativeTarget section */
		045D1F7D2DB015FE001B596C /* ImageFeedTests */ = {
			isa = PBXNativeTarget;
			buildConfigurationList = 045D1F842DB015FE001B596C /* Build configuration list for PBXNativeTarget "ImageFeedTests" */;
			buildPhases = (
				045D1F7A2DB015FE001B596C /* Sources */,
				045D1F7B2DB015FE001B596C /* Frameworks */,
				045D1F7C2DB015FE001B596C /* Resources */,
			);
			buildRules = (
			);
			dependencies = (
				045D1F832DB015FE001B596C /* PBXTargetDependency */,
			);
			name = ImageFeedTests;
			productName = ImageFeedTests;
			productReference = 045D1F7E2DB015FE001B596C /* ImageFeedTests.xctest */;
			productType = "com.apple.product-type.bundle.unit-test";
		};
		04BA66632D5514D5006F9DC5 /* ImageFeed */ = {
			isa = PBXNativeTarget;
			buildConfigurationList = 04BA66782D5514D6006F9DC5 /* Build configuration list for PBXNativeTarget "ImageFeed" */;
			buildPhases = (
				04BA66602D5514D5006F9DC5 /* Sources */,
				04BA66612D5514D5006F9DC5 /* Frameworks */,
				04BA66622D5514D5006F9DC5 /* Resources */,
			);
			buildRules = (
			);
			dependencies = (
			);
			name = ImageFeed;
			packageProductDependencies = (
				04DA5C152DA6E00A00D8205E /* ProgressHUD */,
				04C7B2252DA9562C008220D1 /* Kingfisher */,
				04C7B2282DA9774B008220D1 /* SwiftKeychainWrapper */,
			);
			productName = ImageFeed;
			productReference = 04BA66642D5514D5006F9DC5 /* ImageFeed.app */;
			productType = "com.apple.product-type.application";
		};
/* End PBXNativeTarget section */

/* Begin PBXProject section */
		04BA665C2D5514D5006F9DC5 /* Project object */ = {
			isa = PBXProject;
			attributes = {
				BuildIndependentTargetsInParallel = 1;
				LastSwiftUpdateCheck = 1540;
				LastUpgradeCheck = 1540;
				TargetAttributes = {
					045D1F7D2DB015FE001B596C = {
						CreatedOnToolsVersion = 15.4;
						TestTargetID = 04BA66632D5514D5006F9DC5;
					};
					04BA66632D5514D5006F9DC5 = {
						CreatedOnToolsVersion = 15.4;
					};
				};
			};
			buildConfigurationList = 04BA665F2D5514D5006F9DC5 /* Build configuration list for PBXProject "ImageFeed" */;
			compatibilityVersion = "Xcode 14.0";
			developmentRegion = en;
			hasScannedForEncodings = 0;
			knownRegions = (
				en,
				Base,
			);
			mainGroup = 04BA665B2D5514D5006F9DC5;
			packageReferences = (
				04DA5C142DA6E00A00D8205E /* XCRemoteSwiftPackageReference "ProgressHUD" */,
				04C7B2242DA9562C008220D1 /* XCRemoteSwiftPackageReference "Kingfisher" */,
				04C7B2272DA9774B008220D1 /* XCRemoteSwiftPackageReference "SwiftKeychainWrapper" */,
			);
			productRefGroup = 04BA66652D5514D5006F9DC5 /* Products */;
			projectDirPath = "";
			projectRoot = "";
			targets = (
				04BA66632D5514D5006F9DC5 /* ImageFeed */,
				045D1F7D2DB015FE001B596C /* ImageFeedTests */,
			);
		};
/* End PBXProject section */

/* Begin PBXResourcesBuildPhase section */
		045D1F7C2DB015FE001B596C /* Resources */ = {
			isa = PBXResourcesBuildPhase;
			buildActionMask = 2147483647;
			files = (
			);
			runOnlyForDeploymentPostprocessing = 0;
		};
		04BA66622D5514D5006F9DC5 /* Resources */ = {
			isa = PBXResourcesBuildPhase;
			buildActionMask = 2147483647;
			files = (
				04BA66742D5514D6006F9DC5 /* Base in Resources */,
				04B4F4892D92D3C5003D2339 /* Assets.xcassets in Resources */,
				04BA666F2D5514D5006F9DC5 /* Base in Resources */,
			);
			runOnlyForDeploymentPostprocessing = 0;
		};
/* End PBXResourcesBuildPhase section */

/* Begin PBXSourcesBuildPhase section */
		045D1F7A2DB015FE001B596C /* Sources */ = {
			isa = PBXSourcesBuildPhase;
			buildActionMask = 2147483647;
			files = (
				045D1F902DB03488001B596C /* ProfileViewTests.swift in Sources */,
				045D1F812DB015FE001B596C /* WebViewTests.swift in Sources */,
				0463BCC22DB0BB8B0000587D /* ImagesListViewTests.swift in Sources */,
				045D1F8B2DB01822001B596C /* WebViewViewControllerSpy.swift in Sources */,
				0463BCC82DB0BC7D0000587D /* ImagesListViewControllerSpy.swift in Sources */,
				045D1F892DB01706001B596C /* WebViewPresenterSpy.swift in Sources */,
				0463BCC62DB0BC030000587D /* ImagesListPresenterSpy.swift in Sources */,
				045D1F942DB0357C001B596C /* ProfileViewControllerSpy.swift in Sources */,
				045D1F962DB0378B001B596C /* ProfilePresenterSpy.swift in Sources */,
			);
			runOnlyForDeploymentPostprocessing = 0;
		};
		04BA66602D5514D5006F9DC5 /* Sources */ = {
			isa = PBXSourcesBuildPhase;
			buildActionMask = 2147483647;
			files = (
				044F4D422DAC317F003C9F7D /* PhotoDTO.swift in Sources */,
				046F24022D80B29E007D2F29 /* ProfileViewController.swift in Sources */,
				04C7B22C2DA983D2008220D1 /* TabBarController.swift in Sources */,
				04BA666C2D5514D5006F9DC5 /* ImagesListViewController.swift in Sources */,
				044F4D462DAC4513003C9F7D /* String+Extensions.swift in Sources */,
				048C4E7C2DAE356A00A68CCC /* ProfileLogoutService.swift in Sources */,
				047AC7262DA7F920009B19C4 /* OAuth2ServiceError.swift in Sources */,
				04964F222D590E6300E61033 /* ImagesListCell.swift in Sources */,
				045DE4342DAEEC7700E97203 /* WebViewPresenter.swift in Sources */,
				04BA66682D5514D5006F9DC5 /* AppDelegate.swift in Sources */,
				04741B272DA4402F00588D80 /* URLSession+Data.swift in Sources */,
				0463BCC02DB0A5F80000587D /* ImagesListPresenter.swift in Sources */,
				0462C0602DAD89F2004858D5 /* Date+Extensions.swift in Sources */,
				045D1F792DB0125B001B596C /* AuthHelper.swift in Sources */,
				04741B2A2DA53A4E00588D80 /* OAuthTokenDTO.swift in Sources */,
				045D1F8D2DB02518001B596C /* ProfilePresenter.swift in Sources */,
				04741B2E2DA543D800588D80 /* OAuth2TokenStorage.swift in Sources */,
				047AC7362DA848B3009B19C4 /* ProfileServiceError.swift in Sources */,
				044F4D402DAC312C003C9F7D /* PhotoViewModel.swift in Sources */,
				047AC7382DA85B61009B19C4 /* ProfileImageService.swift in Sources */,
				04741B242DA435E900588D80 /* OAuth2Service.swift in Sources */,
				04B4F4872D92CD99003D2339 /* UIColor+Extensions.swift in Sources */,
				04741B302DA5519300588D80 /* NetworkError.swift in Sources */,
				047AC73C2DA85C0C009B19C4 /* UserDTO.swift in Sources */,
				04741B222DA3EDC100588D80 /* AuthConfiguration.swift in Sources */,
				044F4D3E2DAC15F5003C9F7D /* ImagesListServiceError.swift in Sources */,
				048A7F6E2D8354D500E5B157 /* SingleImageViewController.swift in Sources */,
				04BA666A2D5514D5006F9DC5 /* SceneDelegate.swift in Sources */,
				047AC72A2DA83704009B19C4 /* ProfileService.swift in Sources */,
				04741B202DA3DC9000588D80 /* WebViewViewController.swift in Sources */,
				04741B1E2DA3D4FA00588D80 /* AuthViewController.swift in Sources */,
				04741B332DA5757F00588D80 /* SplashViewController.swift in Sources */,
				044F4D3C2DAC0DB3003C9F7D /* ImagesListService.swift in Sources */,
				047AC7312DA83ABC009B19C4 /* ProfileViewModel.swift in Sources */,
				047AC72E2DA838B1009B19C4 /* SnakeCaseJSONDecoder.swift in Sources */,
				047AC72C2DA83748009B19C4 /* ProfileDTO.swift in Sources */,
				047AC7282DA82679009B19C4 /* UIBlockingProgressHUD.swift in Sources */,
			);
			runOnlyForDeploymentPostprocessing = 0;
		};
/* End PBXSourcesBuildPhase section */

/* Begin PBXTargetDependency section */
		045D1F832DB015FE001B596C /* PBXTargetDependency */ = {
			isa = PBXTargetDependency;
			target = 04BA66632D5514D5006F9DC5 /* ImageFeed */;
			targetProxy = 045D1F822DB015FE001B596C /* PBXContainerItemProxy */;
		};
/* End PBXTargetDependency section */

/* Begin PBXVariantGroup section */
		04BA666D2D5514D5006F9DC5 /* Main.storyboard */ = {
			isa = PBXVariantGroup;
			children = (
				04BA666E2D5514D5006F9DC5 /* Base */,
			);
			name = Main.storyboard;
			sourceTree = "<group>";
		};
		04BA66722D5514D6006F9DC5 /* LaunchScreen.storyboard */ = {
			isa = PBXVariantGroup;
			children = (
				04BA66732D5514D6006F9DC5 /* Base */,
			);
			name = LaunchScreen.storyboard;
			sourceTree = "<group>";
		};
/* End PBXVariantGroup section */

/* Begin XCBuildConfiguration section */
		045D1F852DB015FE001B596C /* Debug */ = {
			isa = XCBuildConfiguration;
			buildSettings = {
				BUNDLE_LOADER = "$(TEST_HOST)";
				CODE_SIGN_STYLE = Automatic;
				CURRENT_PROJECT_VERSION = 1;
				DEVELOPMENT_TEAM = DF8ATY42S7;
				GENERATE_INFOPLIST_FILE = YES;
				IPHONEOS_DEPLOYMENT_TARGET = 17.5;
				MARKETING_VERSION = 1.0;
				PRODUCT_BUNDLE_IDENTIFIER = kz.nekhon.ImageFeedTests;
				PRODUCT_NAME = "$(TARGET_NAME)";
				SWIFT_EMIT_LOC_STRINGS = NO;
				SWIFT_VERSION = 5.0;
				TARGETED_DEVICE_FAMILY = "1,2";
				TEST_HOST = "$(BUILT_PRODUCTS_DIR)/ImageFeed.app/$(BUNDLE_EXECUTABLE_FOLDER_PATH)/ImageFeed";
			};
			name = Debug;
		};
		045D1F862DB015FE001B596C /* Release */ = {
			isa = XCBuildConfiguration;
			buildSettings = {
				BUNDLE_LOADER = "$(TEST_HOST)";
				CODE_SIGN_STYLE = Automatic;
				CURRENT_PROJECT_VERSION = 1;
				DEVELOPMENT_TEAM = DF8ATY42S7;
				GENERATE_INFOPLIST_FILE = YES;
				IPHONEOS_DEPLOYMENT_TARGET = 17.5;
				MARKETING_VERSION = 1.0;
				PRODUCT_BUNDLE_IDENTIFIER = kz.nekhon.ImageFeedTests;
				PRODUCT_NAME = "$(TARGET_NAME)";
				SWIFT_EMIT_LOC_STRINGS = NO;
				SWIFT_VERSION = 5.0;
				TARGETED_DEVICE_FAMILY = "1,2";
				TEST_HOST = "$(BUILT_PRODUCTS_DIR)/ImageFeed.app/$(BUNDLE_EXECUTABLE_FOLDER_PATH)/ImageFeed";
			};
			name = Release;
		};
		04BA66762D5514D6006F9DC5 /* Debug */ = {
			isa = XCBuildConfiguration;
			buildSettings = {
				ALWAYS_SEARCH_USER_PATHS = NO;
				ASSETCATALOG_COMPILER_GENERATE_SWIFT_ASSET_SYMBOL_EXTENSIONS = YES;
				CLANG_ANALYZER_NONNULL = YES;
				CLANG_ANALYZER_NUMBER_OBJECT_CONVERSION = YES_AGGRESSIVE;
				CLANG_CXX_LANGUAGE_STANDARD = "gnu++20";
				CLANG_ENABLE_MODULES = YES;
				CLANG_ENABLE_OBJC_ARC = YES;
				CLANG_ENABLE_OBJC_WEAK = YES;
				CLANG_WARN_BLOCK_CAPTURE_AUTORELEASING = YES;
				CLANG_WARN_BOOL_CONVERSION = YES;
				CLANG_WARN_COMMA = YES;
				CLANG_WARN_CONSTANT_CONVERSION = YES;
				CLANG_WARN_DEPRECATED_OBJC_IMPLEMENTATIONS = YES;
				CLANG_WARN_DIRECT_OBJC_ISA_USAGE = YES_ERROR;
				CLANG_WARN_DOCUMENTATION_COMMENTS = YES;
				CLANG_WARN_EMPTY_BODY = YES;
				CLANG_WARN_ENUM_CONVERSION = YES;
				CLANG_WARN_INFINITE_RECURSION = YES;
				CLANG_WARN_INT_CONVERSION = YES;
				CLANG_WARN_NON_LITERAL_NULL_CONVERSION = YES;
				CLANG_WARN_OBJC_IMPLICIT_RETAIN_SELF = YES;
				CLANG_WARN_OBJC_LITERAL_CONVERSION = YES;
				CLANG_WARN_OBJC_ROOT_CLASS = YES_ERROR;
				CLANG_WARN_QUOTED_INCLUDE_IN_FRAMEWORK_HEADER = YES;
				CLANG_WARN_RANGE_LOOP_ANALYSIS = YES;
				CLANG_WARN_STRICT_PROTOTYPES = YES;
				CLANG_WARN_SUSPICIOUS_MOVE = YES;
				CLANG_WARN_UNGUARDED_AVAILABILITY = YES_AGGRESSIVE;
				CLANG_WARN_UNREACHABLE_CODE = YES;
				CLANG_WARN__DUPLICATE_METHOD_MATCH = YES;
				COPY_PHASE_STRIP = NO;
				DEBUG_INFORMATION_FORMAT = dwarf;
				ENABLE_STRICT_OBJC_MSGSEND = YES;
				ENABLE_TESTABILITY = YES;
				ENABLE_USER_SCRIPT_SANDBOXING = YES;
				GCC_C_LANGUAGE_STANDARD = gnu17;
				GCC_DYNAMIC_NO_PIC = NO;
				GCC_NO_COMMON_BLOCKS = YES;
				GCC_OPTIMIZATION_LEVEL = 0;
				GCC_PREPROCESSOR_DEFINITIONS = (
					"DEBUG=1",
					"$(inherited)",
				);
				GCC_WARN_64_TO_32_BIT_CONVERSION = YES;
				GCC_WARN_ABOUT_RETURN_TYPE = YES_ERROR;
				GCC_WARN_UNDECLARED_SELECTOR = YES;
				GCC_WARN_UNINITIALIZED_AUTOS = YES_AGGRESSIVE;
				GCC_WARN_UNUSED_FUNCTION = YES;
				GCC_WARN_UNUSED_VARIABLE = YES;
				IPHONEOS_DEPLOYMENT_TARGET = 14.0;
				LOCALIZATION_PREFERS_STRING_CATALOGS = YES;
				MTL_ENABLE_DEBUG_INFO = INCLUDE_SOURCE;
				MTL_FAST_MATH = YES;
				ONLY_ACTIVE_ARCH = YES;
				SDKROOT = iphoneos;
				SWIFT_ACTIVE_COMPILATION_CONDITIONS = "DEBUG $(inherited)";
				SWIFT_OPTIMIZATION_LEVEL = "-Onone";
			};
			name = Debug;
		};
		04BA66772D5514D6006F9DC5 /* Release */ = {
			isa = XCBuildConfiguration;
			buildSettings = {
				ALWAYS_SEARCH_USER_PATHS = NO;
				ASSETCATALOG_COMPILER_GENERATE_SWIFT_ASSET_SYMBOL_EXTENSIONS = YES;
				CLANG_ANALYZER_NONNULL = YES;
				CLANG_ANALYZER_NUMBER_OBJECT_CONVERSION = YES_AGGRESSIVE;
				CLANG_CXX_LANGUAGE_STANDARD = "gnu++20";
				CLANG_ENABLE_MODULES = YES;
				CLANG_ENABLE_OBJC_ARC = YES;
				CLANG_ENABLE_OBJC_WEAK = YES;
				CLANG_WARN_BLOCK_CAPTURE_AUTORELEASING = YES;
				CLANG_WARN_BOOL_CONVERSION = YES;
				CLANG_WARN_COMMA = YES;
				CLANG_WARN_CONSTANT_CONVERSION = YES;
				CLANG_WARN_DEPRECATED_OBJC_IMPLEMENTATIONS = YES;
				CLANG_WARN_DIRECT_OBJC_ISA_USAGE = YES_ERROR;
				CLANG_WARN_DOCUMENTATION_COMMENTS = YES;
				CLANG_WARN_EMPTY_BODY = YES;
				CLANG_WARN_ENUM_CONVERSION = YES;
				CLANG_WARN_INFINITE_RECURSION = YES;
				CLANG_WARN_INT_CONVERSION = YES;
				CLANG_WARN_NON_LITERAL_NULL_CONVERSION = YES;
				CLANG_WARN_OBJC_IMPLICIT_RETAIN_SELF = YES;
				CLANG_WARN_OBJC_LITERAL_CONVERSION = YES;
				CLANG_WARN_OBJC_ROOT_CLASS = YES_ERROR;
				CLANG_WARN_QUOTED_INCLUDE_IN_FRAMEWORK_HEADER = YES;
				CLANG_WARN_RANGE_LOOP_ANALYSIS = YES;
				CLANG_WARN_STRICT_PROTOTYPES = YES;
				CLANG_WARN_SUSPICIOUS_MOVE = YES;
				CLANG_WARN_UNGUARDED_AVAILABILITY = YES_AGGRESSIVE;
				CLANG_WARN_UNREACHABLE_CODE = YES;
				CLANG_WARN__DUPLICATE_METHOD_MATCH = YES;
				COPY_PHASE_STRIP = NO;
				DEBUG_INFORMATION_FORMAT = "dwarf-with-dsym";
				ENABLE_NS_ASSERTIONS = NO;
				ENABLE_STRICT_OBJC_MSGSEND = YES;
				ENABLE_USER_SCRIPT_SANDBOXING = YES;
				GCC_C_LANGUAGE_STANDARD = gnu17;
				GCC_NO_COMMON_BLOCKS = YES;
				GCC_WARN_64_TO_32_BIT_CONVERSION = YES;
				GCC_WARN_ABOUT_RETURN_TYPE = YES_ERROR;
				GCC_WARN_UNDECLARED_SELECTOR = YES;
				GCC_WARN_UNINITIALIZED_AUTOS = YES_AGGRESSIVE;
				GCC_WARN_UNUSED_FUNCTION = YES;
				GCC_WARN_UNUSED_VARIABLE = YES;
				IPHONEOS_DEPLOYMENT_TARGET = 14.0;
				LOCALIZATION_PREFERS_STRING_CATALOGS = YES;
				MTL_ENABLE_DEBUG_INFO = NO;
				MTL_FAST_MATH = YES;
				SDKROOT = iphoneos;
				SWIFT_COMPILATION_MODE = wholemodule;
				VALIDATE_PRODUCT = YES;
			};
			name = Release;
		};
		04BA66792D5514D6006F9DC5 /* Debug */ = {
			isa = XCBuildConfiguration;
			buildSettings = {
				ASSETCATALOG_COMPILER_APPICON_NAME = AppIcon;
				ASSETCATALOG_COMPILER_GLOBAL_ACCENT_COLOR_NAME = AccentColor;
				CODE_SIGN_STYLE = Automatic;
				CURRENT_PROJECT_VERSION = 1;
				DEVELOPMENT_TEAM = DF8ATY42S7;
				GENERATE_INFOPLIST_FILE = YES;
				INFOPLIST_FILE = ImageFeed/Resources/Info.plist;
				INFOPLIST_KEY_UIApplicationSupportsIndirectInputEvents = YES;
				INFOPLIST_KEY_UILaunchStoryboardName = LaunchScreen;
				INFOPLIST_KEY_UIMainStoryboardFile = Main;
				INFOPLIST_KEY_UISupportedInterfaceOrientations = UIInterfaceOrientationPortrait;
				IPHONEOS_DEPLOYMENT_TARGET = 14.0;
				LD_RUNPATH_SEARCH_PATHS = (
					"$(inherited)",
					"@executable_path/Frameworks",
				);
				MARKETING_VERSION = 1.0;
				PRODUCT_BUNDLE_IDENTIFIER = kz.nekhon.ImageFeed;
				PRODUCT_NAME = "$(TARGET_NAME)";
				SUPPORTED_PLATFORMS = "iphoneos iphonesimulator";
				SUPPORTS_MACCATALYST = NO;
				SUPPORTS_MAC_DESIGNED_FOR_IPHONE_IPAD = NO;
				SUPPORTS_XR_DESIGNED_FOR_IPHONE_IPAD = NO;
				SWIFT_EMIT_LOC_STRINGS = YES;
				SWIFT_VERSION = 5.0;
				TARGETED_DEVICE_FAMILY = 1;
			};
			name = Debug;
		};
		04BA667A2D5514D6006F9DC5 /* Release */ = {
			isa = XCBuildConfiguration;
			buildSettings = {
				ASSETCATALOG_COMPILER_APPICON_NAME = AppIcon;
				ASSETCATALOG_COMPILER_GLOBAL_ACCENT_COLOR_NAME = AccentColor;
				CODE_SIGN_STYLE = Automatic;
				CURRENT_PROJECT_VERSION = 1;
				DEVELOPMENT_TEAM = DF8ATY42S7;
				GENERATE_INFOPLIST_FILE = YES;
				INFOPLIST_FILE = ImageFeed/Resources/Info.plist;
				INFOPLIST_KEY_UIApplicationSupportsIndirectInputEvents = YES;
				INFOPLIST_KEY_UILaunchStoryboardName = LaunchScreen;
				INFOPLIST_KEY_UIMainStoryboardFile = Main;
				INFOPLIST_KEY_UISupportedInterfaceOrientations = UIInterfaceOrientationPortrait;
				IPHONEOS_DEPLOYMENT_TARGET = 14.0;
				LD_RUNPATH_SEARCH_PATHS = (
					"$(inherited)",
					"@executable_path/Frameworks",
				);
				MARKETING_VERSION = 1.0;
				PRODUCT_BUNDLE_IDENTIFIER = kz.nekhon.ImageFeed;
				PRODUCT_NAME = "$(TARGET_NAME)";
				SUPPORTED_PLATFORMS = "iphoneos iphonesimulator";
				SUPPORTS_MACCATALYST = NO;
				SUPPORTS_MAC_DESIGNED_FOR_IPHONE_IPAD = NO;
				SUPPORTS_XR_DESIGNED_FOR_IPHONE_IPAD = NO;
				SWIFT_EMIT_LOC_STRINGS = YES;
				SWIFT_VERSION = 5.0;
				TARGETED_DEVICE_FAMILY = 1;
			};
			name = Release;
		};
/* End XCBuildConfiguration section */

/* Begin XCConfigurationList section */
		045D1F842DB015FE001B596C /* Build configuration list for PBXNativeTarget "ImageFeedTests" */ = {
			isa = XCConfigurationList;
			buildConfigurations = (
				045D1F852DB015FE001B596C /* Debug */,
				045D1F862DB015FE001B596C /* Release */,
			);
			defaultConfigurationIsVisible = 0;
			defaultConfigurationName = Release;
		};
		04BA665F2D5514D5006F9DC5 /* Build configuration list for PBXProject "ImageFeed" */ = {
			isa = XCConfigurationList;
			buildConfigurations = (
				04BA66762D5514D6006F9DC5 /* Debug */,
				04BA66772D5514D6006F9DC5 /* Release */,
			);
			defaultConfigurationIsVisible = 0;
			defaultConfigurationName = Release;
		};
		04BA66782D5514D6006F9DC5 /* Build configuration list for PBXNativeTarget "ImageFeed" */ = {
			isa = XCConfigurationList;
			buildConfigurations = (
				04BA66792D5514D6006F9DC5 /* Debug */,
				04BA667A2D5514D6006F9DC5 /* Release */,
			);
			defaultConfigurationIsVisible = 0;
			defaultConfigurationName = Release;
		};
/* End XCConfigurationList section */

/* Begin XCRemoteSwiftPackageReference section */
		04C7B2242DA9562C008220D1 /* XCRemoteSwiftPackageReference "Kingfisher" */ = {
			isa = XCRemoteSwiftPackageReference;
			repositoryURL = "https://github.com/onevcat/Kingfisher";
			requirement = {
				kind = exactVersion;
				version = 8.3.2;
			};
		};
		04C7B2272DA9774B008220D1 /* XCRemoteSwiftPackageReference "SwiftKeychainWrapper" */ = {
			isa = XCRemoteSwiftPackageReference;
			repositoryURL = "https://github.com/jrendel/SwiftKeychainWrapper";
			requirement = {
				kind = exactVersion;
				version = 4.0.1;
			};
		};
		04DA5C142DA6E00A00D8205E /* XCRemoteSwiftPackageReference "ProgressHUD" */ = {
			isa = XCRemoteSwiftPackageReference;
			repositoryURL = "https://github.com/relatedcode/ProgressHUD";
			requirement = {
				kind = exactVersion;
				version = 14.1.3;
			};
		};
/* End XCRemoteSwiftPackageReference section */

/* Begin XCSwiftPackageProductDependency section */
		04C7B2252DA9562C008220D1 /* Kingfisher */ = {
			isa = XCSwiftPackageProductDependency;
			package = 04C7B2242DA9562C008220D1 /* XCRemoteSwiftPackageReference "Kingfisher" */;
			productName = Kingfisher;
		};
		04C7B2282DA9774B008220D1 /* SwiftKeychainWrapper */ = {
			isa = XCSwiftPackageProductDependency;
			package = 04C7B2272DA9774B008220D1 /* XCRemoteSwiftPackageReference "SwiftKeychainWrapper" */;
			productName = SwiftKeychainWrapper;
		};
		04DA5C152DA6E00A00D8205E /* ProgressHUD */ = {
			isa = XCSwiftPackageProductDependency;
			package = 04DA5C142DA6E00A00D8205E /* XCRemoteSwiftPackageReference "ProgressHUD" */;
			productName = ProgressHUD;
		};
/* End XCSwiftPackageProductDependency section */
	};
	rootObject = 04BA665C2D5514D5006F9DC5 /* Project object */;
}
